
Microsoft Visual Studio Solution File, Format Version 12.00
# Visual Studio Version 17
VisualStudioVersion = 17.3.32929.385
MinimumVisualStudioVersion = 10.0.40219.1
Project("{FAE04EC0-301F-11D3-BF4B-00C04F79EFBC}") = "nilnul._bit_._TEST_", "nilnul._bit_._TEST_.csproj", "{554132EC-1A69-4850-AC8D-0F3AAEFEB9EC}"
EndProject
Project("{2150E333-8FDC-42A3-9474-1A3956D46DE8}") = "dll", "dll", "{D9F5F3E9-DB5E-4F02-8465-DC6E15D7BEF6}"
EndProject
Project("{2150E333-8FDC-42A3-9474-1A3956D46DE8}") = "NewFolder1", "NewFolder1", "{6B89E2B6-0EF8-4652-9B46-2AE0A9E08EF3}"
EndProject
Project("{FAE04EC0-301F-11D3-BF4B-00C04F79EFBC}") = "nilnul._bit_._LIB_", "..\_LIB_(1(Git\nilnul._bit_._LIB_.csproj", "{0226CF76-2E69-4439-9344-CB5209BAD0EB}"
EndProject
Global
	GlobalSection(SolutionConfigurationPlatforms) = preSolution
		_Temp|Any CPU = _Temp|Any CPU
		_Temp|Mixed Platforms = _Temp|Mixed Platforms
		_Temp|x86 = _Temp|x86
		Debug|Any CPU = Debug|Any CPU
		Debug|Mixed Platforms = Debug|Mixed Platforms
		Debug|x86 = Debug|x86
		debug2pub|Any CPU = debug2pub|Any CPU
		debug2pub|Mixed Platforms = debug2pub|Mixed Platforms
		debug2pub|x86 = debug2pub|x86
		Dev2nuget|Any CPU = Dev2nuget|Any CPU
		Dev2nuget|Mixed Platforms = Dev2nuget|Mixed Platforms
		Dev2nuget|x86 = Dev2nuget|x86
		hbue__deptS_ccpOrg___release|Any CPU = hbue__deptS_ccpOrg___release|Any CPU
		hbue__deptS_ccpOrg___release|Mixed Platforms = hbue__deptS_ccpOrg___release|Mixed Platforms
		hbue__deptS_ccpOrg___release|x86 = hbue__deptS_ccpOrg___release|x86
		hbue__deptS_ccpOrg|Any CPU = hbue__deptS_ccpOrg|Any CPU
		hbue__deptS_ccpOrg|Mixed Platforms = hbue__deptS_ccpOrg|Mixed Platforms
		hbue__deptS_ccpOrg|x86 = hbue__deptS_ccpOrg|x86
		Hbue40|Any CPU = Hbue40|Any CPU
		Hbue40|Mixed Platforms = Hbue40|Mixed Platforms
		Hbue40|x86 = Hbue40|x86
		Nuget|Any CPU = Nuget|Any CPU
		Nuget|Mixed Platforms = Nuget|Mixed Platforms
		Nuget|x86 = Nuget|x86
		PreferChinese|Any CPU = PreferChinese|Any CPU
		PreferChinese|Mixed Platforms = PreferChinese|Mixed Platforms
		PreferChinese|x86 = PreferChinese|x86
		Release_PreferChinese|Any CPU = Release_PreferChinese|Any CPU
		Release_PreferChinese|Mixed Platforms = Release_PreferChinese|Mixed Platforms
		Release_PreferChinese|x86 = Release_PreferChinese|x86
		Release|Any CPU = Release|Any CPU
		Release|Mixed Platforms = Release|Mixed Platforms
		Release|x86 = Release|x86
		Sym2nuget|Any CPU = Sym2nuget|Any CPU
		Sym2nuget|Mixed Platforms = Sym2nuget|Mixed Platforms
		Sym2nuget|x86 = Sym2nuget|x86
		Symbol|Any CPU = Symbol|Any CPU
		Symbol|Mixed Platforms = Symbol|Mixed Platforms
		Symbol|x86 = Symbol|x86
		Symbols4Debug|Any CPU = Symbols4Debug|Any CPU
		Symbols4Debug|Mixed Platforms = Symbols4Debug|Mixed Platforms
		Symbols4Debug|x86 = Symbols4Debug|x86
		test_release|Any CPU = test_release|Any CPU
		test_release|Mixed Platforms = test_release|Mixed Platforms
		test_release|x86 = test_release|x86
	EndGlobalSection
	GlobalSection(ProjectConfigurationPlatforms) = postSolution
		{554132EC-1A69-4850-AC8D-0F3AAEFEB9EC}._Temp|Any CPU.ActiveCfg = Release|Any CPU
		{554132EC-1A69-4850-AC8D-0F3AAEFEB9EC}._Temp|Any CPU.Build.0 = Release|Any CPU
		{554132EC-1A69-4850-AC8D-0F3AAEFEB9EC}._Temp|Mixed Platforms.ActiveCfg = Release|Any CPU
		{554132EC-1A69-4850-AC8D-0F3AAEFEB9EC}._Temp|Mixed Platforms.Build.0 = Release|Any CPU
		{554132EC-1A69-4850-AC8D-0F3AAEFEB9EC}._Temp|x86.ActiveCfg = Release|Any CPU
		{554132EC-1A69-4850-AC8D-0F3AAEFEB9EC}.Debug|Any CPU.ActiveCfg = Debug|Any CPU
		{554132EC-1A69-4850-AC8D-0F3AAEFEB9EC}.Debug|Any CPU.Build.0 = Debug|Any CPU
		{554132EC-1A69-4850-AC8D-0F3AAEFEB9EC}.Debug|Mixed Platforms.ActiveCfg = Debug|Any CPU
		{554132EC-1A69-4850-AC8D-0F3AAEFEB9EC}.Debug|Mixed Platforms.Build.0 = Debug|Any CPU
		{554132EC-1A69-4850-AC8D-0F3AAEFEB9EC}.Debug|x86.ActiveCfg = Debug|Any CPU
		{554132EC-1A69-4850-AC8D-0F3AAEFEB9EC}.debug2pub|Any CPU.ActiveCfg = Debug|Any CPU
		{554132EC-1A69-4850-AC8D-0F3AAEFEB9EC}.debug2pub|Any CPU.Build.0 = Debug|Any CPU
		{554132EC-1A69-4850-AC8D-0F3AAEFEB9EC}.debug2pub|Mixed Platforms.ActiveCfg = Debug|Any CPU
		{554132EC-1A69-4850-AC8D-0F3AAEFEB9EC}.debug2pub|Mixed Platforms.Build.0 = Debug|Any CPU
		{554132EC-1A69-4850-AC8D-0F3AAEFEB9EC}.debug2pub|x86.ActiveCfg = Debug|Any CPU
		{554132EC-1A69-4850-AC8D-0F3AAEFEB9EC}.debug2pub|x86.Build.0 = Debug|Any CPU
		{554132EC-1A69-4850-AC8D-0F3AAEFEB9EC}.Dev2nuget|Any CPU.ActiveCfg = Debug|Any CPU
		{554132EC-1A69-4850-AC8D-0F3AAEFEB9EC}.Dev2nuget|Any CPU.Build.0 = Debug|Any CPU
		{554132EC-1A69-4850-AC8D-0F3AAEFEB9EC}.Dev2nuget|Mixed Platforms.ActiveCfg = Debug|Any CPU
		{554132EC-1A69-4850-AC8D-0F3AAEFEB9EC}.Dev2nuget|Mixed Platforms.Build.0 = Debug|Any CPU
		{554132EC-1A69-4850-AC8D-0F3AAEFEB9EC}.Dev2nuget|x86.ActiveCfg = Debug|Any CPU
		{554132EC-1A69-4850-AC8D-0F3AAEFEB9EC}.Dev2nuget|x86.Build.0 = Debug|Any CPU
		{554132EC-1A69-4850-AC8D-0F3AAEFEB9EC}.hbue__deptS_ccpOrg___release|Any CPU.ActiveCfg = Debug|Any CPU
		{554132EC-1A69-4850-AC8D-0F3AAEFEB9EC}.hbue__deptS_ccpOrg___release|Any CPU.Build.0 = Debug|Any CPU
		{554132EC-1A69-4850-AC8D-0F3AAEFEB9EC}.hbue__deptS_ccpOrg___release|Mixed Platforms.ActiveCfg = Debug|Any CPU
		{554132EC-1A69-4850-AC8D-0F3AAEFEB9EC}.hbue__deptS_ccpOrg___release|Mixed Platforms.Build.0 = Debug|Any CPU
		{554132EC-1A69-4850-AC8D-0F3AAEFEB9EC}.hbue__deptS_ccpOrg___release|x86.ActiveCfg = Debug|Any CPU
		{554132EC-1A69-4850-AC8D-0F3AAEFEB9EC}.hbue__deptS_ccpOrg___release|x86.Build.0 = Debug|Any CPU
		{554132EC-1A69-4850-AC8D-0F3AAEFEB9EC}.hbue__deptS_ccpOrg|Any CPU.ActiveCfg = Debug|Any CPU
		{554132EC-1A69-4850-AC8D-0F3AAEFEB9EC}.hbue__deptS_ccpOrg|Any CPU.Build.0 = Debug|Any CPU
		{554132EC-1A69-4850-AC8D-0F3AAEFEB9EC}.hbue__deptS_ccpOrg|Mixed Platforms.ActiveCfg = Debug|Any CPU
		{554132EC-1A69-4850-AC8D-0F3AAEFEB9EC}.hbue__deptS_ccpOrg|Mixed Platforms.Build.0 = Debug|Any CPU
		{554132EC-1A69-4850-AC8D-0F3AAEFEB9EC}.hbue__deptS_ccpOrg|x86.ActiveCfg = Debug|Any CPU
		{554132EC-1A69-4850-AC8D-0F3AAEFEB9EC}.hbue__deptS_ccpOrg|x86.Build.0 = Debug|Any CPU
		{554132EC-1A69-4850-AC8D-0F3AAEFEB9EC}.Hbue40|Any CPU.ActiveCfg = Symbols4Debug|Any CPU
		{554132EC-1A69-4850-AC8D-0F3AAEFEB9EC}.Hbue40|Any CPU.Build.0 = Symbols4Debug|Any CPU
		{554132EC-1A69-4850-AC8D-0F3AAEFEB9EC}.Hbue40|Mixed Platforms.ActiveCfg = Symbols4Debug|Any CPU
		{554132EC-1A69-4850-AC8D-0F3AAEFEB9EC}.Hbue40|Mixed Platforms.Build.0 = Symbols4Debug|Any CPU
		{554132EC-1A69-4850-AC8D-0F3AAEFEB9EC}.Hbue40|x86.ActiveCfg = Symbols4Debug|Any CPU
		{554132EC-1A69-4850-AC8D-0F3AAEFEB9EC}.Hbue40|x86.Build.0 = Symbols4Debug|Any CPU
		{554132EC-1A69-4850-AC8D-0F3AAEFEB9EC}.Nuget|Any CPU.ActiveCfg = Nuget|Any CPU
		{554132EC-1A69-4850-AC8D-0F3AAEFEB9EC}.Nuget|Any CPU.Build.0 = Nuget|Any CPU
		{554132EC-1A69-4850-AC8D-0F3AAEFEB9EC}.Nuget|Mixed Platforms.ActiveCfg = Nuget|Any CPU
		{554132EC-1A69-4850-AC8D-0F3AAEFEB9EC}.Nuget|Mixed Platforms.Build.0 = Nuget|Any CPU
		{554132EC-1A69-4850-AC8D-0F3AAEFEB9EC}.Nuget|x86.ActiveCfg = Nuget|Any CPU
		{554132EC-1A69-4850-AC8D-0F3AAEFEB9EC}.Nuget|x86.Build.0 = Nuget|Any CPU
		{554132EC-1A69-4850-AC8D-0F3AAEFEB9EC}.PreferChinese|Any CPU.ActiveCfg = Symbols4Debug|Any CPU
		{554132EC-1A69-4850-AC8D-0F3AAEFEB9EC}.PreferChinese|Any CPU.Build.0 = Symbols4Debug|Any CPU
		{554132EC-1A69-4850-AC8D-0F3AAEFEB9EC}.PreferChinese|Mixed Platforms.ActiveCfg = Symbols4Debug|Any CPU
		{554132EC-1A69-4850-AC8D-0F3AAEFEB9EC}.PreferChinese|Mixed Platforms.Build.0 = Symbols4Debug|Any CPU
		{554132EC-1A69-4850-AC8D-0F3AAEFEB9EC}.PreferChinese|x86.ActiveCfg = Symbols4Debug|Any CPU
		{554132EC-1A69-4850-AC8D-0F3AAEFEB9EC}.PreferChinese|x86.Build.0 = Symbols4Debug|Any CPU
		{554132EC-1A69-4850-AC8D-0F3AAEFEB9EC}.Release_PreferChinese|Any CPU.ActiveCfg = Release|Any CPU
		{554132EC-1A69-4850-AC8D-0F3AAEFEB9EC}.Release_PreferChinese|Any CPU.Build.0 = Release|Any CPU
		{554132EC-1A69-4850-AC8D-0F3AAEFEB9EC}.Release_PreferChinese|Mixed Platforms.ActiveCfg = Release|Any CPU
		{554132EC-1A69-4850-AC8D-0F3AAEFEB9EC}.Release_PreferChinese|Mixed Platforms.Build.0 = Release|Any CPU
		{554132EC-1A69-4850-AC8D-0F3AAEFEB9EC}.Release_PreferChinese|x86.ActiveCfg = Release|Any CPU
		{554132EC-1A69-4850-AC8D-0F3AAEFEB9EC}.Release_PreferChinese|x86.Build.0 = Release|Any CPU
		{554132EC-1A69-4850-AC8D-0F3AAEFEB9EC}.Release|Any CPU.ActiveCfg = Release|Any CPU
		{554132EC-1A69-4850-AC8D-0F3AAEFEB9EC}.Release|Any CPU.Build.0 = Release|Any CPU
		{554132EC-1A69-4850-AC8D-0F3AAEFEB9EC}.Release|Mixed Platforms.ActiveCfg = Release|Any CPU
		{554132EC-1A69-4850-AC8D-0F3AAEFEB9EC}.Release|Mixed Platforms.Build.0 = Release|Any CPU
		{554132EC-1A69-4850-AC8D-0F3AAEFEB9EC}.Release|x86.ActiveCfg = Release|Any CPU
		{554132EC-1A69-4850-AC8D-0F3AAEFEB9EC}.Sym2nuget|Any CPU.ActiveCfg = Sym2nuget|Any CPU
		{554132EC-1A69-4850-AC8D-0F3AAEFEB9EC}.Sym2nuget|Any CPU.Build.0 = Sym2nuget|Any CPU
		{554132EC-1A69-4850-AC8D-0F3AAEFEB9EC}.Sym2nuget|Mixed Platforms.ActiveCfg = Sym2nuget|Any CPU
		{554132EC-1A69-4850-AC8D-0F3AAEFEB9EC}.Sym2nuget|Mixed Platforms.Build.0 = Sym2nuget|Any CPU
		{554132EC-1A69-4850-AC8D-0F3AAEFEB9EC}.Sym2nuget|x86.ActiveCfg = Sym2nuget|Any CPU
		{554132EC-1A69-4850-AC8D-0F3AAEFEB9EC}.Sym2nuget|x86.Build.0 = Sym2nuget|Any CPU
		{554132EC-1A69-4850-AC8D-0F3AAEFEB9EC}.Symbol|Any CPU.ActiveCfg = Symbol|Any CPU
		{554132EC-1A69-4850-AC8D-0F3AAEFEB9EC}.Symbol|Any CPU.Build.0 = Symbol|Any CPU
		{554132EC-1A69-4850-AC8D-0F3AAEFEB9EC}.Symbol|Mixed Platforms.ActiveCfg = Symbol|Any CPU
		{554132EC-1A69-4850-AC8D-0F3AAEFEB9EC}.Symbol|Mixed Platforms.Build.0 = Symbol|Any CPU
		{554132EC-1A69-4850-AC8D-0F3AAEFEB9EC}.Symbol|x86.ActiveCfg = Symbol|Any CPU
		{554132EC-1A69-4850-AC8D-0F3AAEFEB9EC}.Symbol|x86.Build.0 = Symbol|Any CPU
		{554132EC-1A69-4850-AC8D-0F3AAEFEB9EC}.Symbols4Debug|Any CPU.ActiveCfg = Symbols4Debug|Any CPU
		{554132EC-1A69-4850-AC8D-0F3AAEFEB9EC}.Symbols4Debug|Any CPU.Build.0 = Symbols4Debug|Any CPU
		{554132EC-1A69-4850-AC8D-0F3AAEFEB9EC}.Symbols4Debug|Mixed Platforms.ActiveCfg = Symbols4Debug|Any CPU
		{554132EC-1A69-4850-AC8D-0F3AAEFEB9EC}.Symbols4Debug|Mixed Platforms.Build.0 = Symbols4Debug|Any CPU
		{554132EC-1A69-4850-AC8D-0F3AAEFEB9EC}.Symbols4Debug|x86.ActiveCfg = Symbols4Debug|Any CPU
		{554132EC-1A69-4850-AC8D-0F3AAEFEB9EC}.Symbols4Debug|x86.Build.0 = Symbols4Debug|Any CPU
		{554132EC-1A69-4850-AC8D-0F3AAEFEB9EC}.test_release|Any CPU.ActiveCfg = Debug|Any CPU
		{554132EC-1A69-4850-AC8D-0F3AAEFEB9EC}.test_release|Any CPU.Build.0 = Debug|Any CPU
		{554132EC-1A69-4850-AC8D-0F3AAEFEB9EC}.test_release|Mixed Platforms.ActiveCfg = Debug|Any CPU
		{554132EC-1A69-4850-AC8D-0F3AAEFEB9EC}.test_release|Mixed Platforms.Build.0 = Debug|Any CPU
		{554132EC-1A69-4850-AC8D-0F3AAEFEB9EC}.test_release|x86.ActiveCfg = Debug|Any CPU
		{554132EC-1A69-4850-AC8D-0F3AAEFEB9EC}.test_release|x86.Build.0 = Debug|Any CPU
		{0226CF76-2E69-4439-9344-CB5209BAD0EB}._Temp|Any CPU.ActiveCfg = _Temp|Any CPU
		{0226CF76-2E69-4439-9344-CB5209BAD0EB}._Temp|Any CPU.Build.0 = _Temp|Any CPU
		{0226CF76-2E69-4439-9344-CB5209BAD0EB}._Temp|Mixed Platforms.ActiveCfg = _Temp|Any CPU
		{0226CF76-2E69-4439-9344-CB5209BAD0EB}._Temp|Mixed Platforms.Build.0 = _Temp|Any CPU
		{0226CF76-2E69-4439-9344-CB5209BAD0EB}._Temp|x86.ActiveCfg = _Temp|Any CPU
		{0226CF76-2E69-4439-9344-CB5209BAD0EB}._Temp|x86.Build.0 = _Temp|Any CPU
		{0226CF76-2E69-4439-9344-CB5209BAD0EB}.Debug|Any CPU.ActiveCfg = Debug|Any CPU
		{0226CF76-2E69-4439-9344-CB5209BAD0EB}.Debug|Any CPU.Build.0 = Debug|Any CPU
		{0226CF76-2E69-4439-9344-CB5209BAD0EB}.Debug|Mixed Platforms.ActiveCfg = Debug|Any CPU
		{0226CF76-2E69-4439-9344-CB5209BAD0EB}.Debug|Mixed Platforms.Build.0 = Debug|Any CPU
		{0226CF76-2E69-4439-9344-CB5209BAD0EB}.Debug|x86.ActiveCfg = Debug|Any CPU
		{0226CF76-2E69-4439-9344-CB5209BAD0EB}.Debug|x86.Build.0 = Debug|Any CPU
		{0226CF76-2E69-4439-9344-CB5209BAD0EB}.debug2pub|Any CPU.ActiveCfg = debug2pub|Any CPU
		{0226CF76-2E69-4439-9344-CB5209BAD0EB}.debug2pub|Any CPU.Build.0 = debug2pub|Any CPU
		{0226CF76-2E69-4439-9344-CB5209BAD0EB}.debug2pub|Mixed Platforms.ActiveCfg = debug2pub|Any CPU
		{0226CF76-2E69-4439-9344-CB5209BAD0EB}.debug2pub|Mixed Platforms.Build.0 = debug2pub|Any CPU
		{0226CF76-2E69-4439-9344-CB5209BAD0EB}.debug2pub|x86.ActiveCfg = debug2pub|Any CPU
		{0226CF76-2E69-4439-9344-CB5209BAD0EB}.debug2pub|x86.Build.0 = debug2pub|Any CPU
		{0226CF76-2E69-4439-9344-CB5209BAD0EB}.Dev2nuget|Any CPU.ActiveCfg = Dev2nuget|Any CPU
		{0226CF76-2E69-4439-9344-CB5209BAD0EB}.Dev2nuget|Any CPU.Build.0 = Dev2nuget|Any CPU
		{0226CF76-2E69-4439-9344-CB5209BAD0EB}.Dev2nuget|Mixed Platforms.ActiveCfg = Dev2nuget|Any CPU
		{0226CF76-2E69-4439-9344-CB5209BAD0EB}.Dev2nuget|Mixed Platforms.Build.0 = Dev2nuget|Any CPU
		{0226CF76-2E69-4439-9344-CB5209BAD0EB}.Dev2nuget|x86.ActiveCfg = Dev2nuget|Any CPU
		{0226CF76-2E69-4439-9344-CB5209BAD0EB}.Dev2nuget|x86.Build.0 = Dev2nuget|Any CPU
		{0226CF76-2E69-4439-9344-CB5209BAD0EB}.hbue__deptS_ccpOrg___release|Any CPU.ActiveCfg = hbue__deptS_ccpOrg___release|Any CPU
		{0226CF76-2E69-4439-9344-CB5209BAD0EB}.hbue__deptS_ccpOrg___release|Any CPU.Build.0 = hbue__deptS_ccpOrg___release|Any CPU
		{0226CF76-2E69-4439-9344-CB5209BAD0EB}.hbue__deptS_ccpOrg___release|Mixed Platforms.ActiveCfg = hbue__deptS_ccpOrg___release|Any CPU
		{0226CF76-2E69-4439-9344-CB5209BAD0EB}.hbue__deptS_ccpOrg___release|Mixed Platforms.Build.0 = hbue__deptS_ccpOrg___release|Any CPU
		{0226CF76-2E69-4439-9344-CB5209BAD0EB}.hbue__deptS_ccpOrg___release|x86.ActiveCfg = hbue__deptS_ccpOrg___release|Any CPU
		{0226CF76-2E69-4439-9344-CB5209BAD0EB}.hbue__deptS_ccpOrg___release|x86.Build.0 = hbue__deptS_ccpOrg___release|Any CPU
		{0226CF76-2E69-4439-9344-CB5209BAD0EB}.hbue__deptS_ccpOrg|Any CPU.ActiveCfg = hbue__deptS_ccpOrg|Any CPU
		{0226CF76-2E69-4439-9344-CB5209BAD0EB}.hbue__deptS_ccpOrg|Any CPU.Build.0 = hbue__deptS_ccpOrg|Any CPU
		{0226CF76-2E69-4439-9344-CB5209BAD0EB}.hbue__deptS_ccpOrg|Mixed Platforms.ActiveCfg = hbue__deptS_ccpOrg|Any CPU
		{0226CF76-2E69-4439-9344-CB5209BAD0EB}.hbue__deptS_ccpOrg|Mixed Platforms.Build.0 = hbue__deptS_ccpOrg|Any CPU
		{0226CF76-2E69-4439-9344-CB5209BAD0EB}.hbue__deptS_ccpOrg|x86.ActiveCfg = hbue__deptS_ccpOrg|Any CPU
		{0226CF76-2E69-4439-9344-CB5209BAD0EB}.hbue__deptS_ccpOrg|x86.Build.0 = hbue__deptS_ccpOrg|Any CPU
		{0226CF76-2E69-4439-9344-CB5209BAD0EB}.Hbue40|Any CPU.ActiveCfg = Hbue40|Any CPU
		{0226CF76-2E69-4439-9344-CB5209BAD0EB}.Hbue40|Any CPU.Build.0 = Hbue40|Any CPU
		{0226CF76-2E69-4439-9344-CB5209BAD0EB}.Hbue40|Mixed Platforms.ActiveCfg = Hbue40|Any CPU
		{0226CF76-2E69-4439-9344-CB5209BAD0EB}.Hbue40|Mixed Platforms.Build.0 = Hbue40|Any CPU
		{0226CF76-2E69-4439-9344-CB5209BAD0EB}.Hbue40|x86.ActiveCfg = Hbue40|Any CPU
		{0226CF76-2E69-4439-9344-CB5209BAD0EB}.Hbue40|x86.Build.0 = Hbue40|Any CPU
		{0226CF76-2E69-4439-9344-CB5209BAD0EB}.Nuget|Any CPU.ActiveCfg = Nuget|Any CPU
		{0226CF76-2E69-4439-9344-CB5209BAD0EB}.Nuget|Any CPU.Build.0 = Nuget|Any CPU
		{0226CF76-2E69-4439-9344-CB5209BAD0EB}.Nuget|Mixed Platforms.ActiveCfg = Nuget|Any CPU
		{0226CF76-2E69-4439-9344-CB5209BAD0EB}.Nuget|Mixed Platforms.Build.0 = Nuget|Any CPU
		{0226CF76-2E69-4439-9344-CB5209BAD0EB}.Nuget|x86.ActiveCfg = Nuget|Any CPU
		{0226CF76-2E69-4439-9344-CB5209BAD0EB}.Nuget|x86.Build.0 = Nuget|Any CPU
		{0226CF76-2E69-4439-9344-CB5209BAD0EB}.PreferChinese|Any CPU.ActiveCfg = PreferChinese|Any CPU
		{0226CF76-2E69-4439-9344-CB5209BAD0EB}.PreferChinese|Any CPU.Build.0 = PreferChinese|Any CPU
		{0226CF76-2E69-4439-9344-CB5209BAD0EB}.PreferChinese|Mixed Platforms.ActiveCfg = PreferChinese|Any CPU
		{0226CF76-2E69-4439-9344-CB5209BAD0EB}.PreferChinese|Mixed Platforms.Build.0 = PreferChinese|Any CPU
		{0226CF76-2E69-4439-9344-CB5209BAD0EB}.PreferChinese|x86.ActiveCfg = PreferChinese|Any CPU
		{0226CF76-2E69-4439-9344-CB5209BAD0EB}.PreferChinese|x86.Build.0 = PreferChinese|Any CPU
		{0226CF76-2E69-4439-9344-CB5209BAD0EB}.Release_PreferChinese|Any CPU.ActiveCfg = Release_PreferChinese|Any CPU
		{0226CF76-2E69-4439-9344-CB5209BAD0EB}.Release_PreferChinese|Any CPU.Build.0 = Release_PreferChinese|Any CPU
		{0226CF76-2E69-4439-9344-CB5209BAD0EB}.Release_PreferChinese|Mixed Platforms.ActiveCfg = Release_PreferChinese|Any CPU
		{0226CF76-2E69-4439-9344-CB5209BAD0EB}.Release_PreferChinese|Mixed Platforms.Build.0 = Release_PreferChinese|Any CPU
		{0226CF76-2E69-4439-9344-CB5209BAD0EB}.Release_PreferChinese|x86.ActiveCfg = Release_PreferChinese|Any CPU
		{0226CF76-2E69-4439-9344-CB5209BAD0EB}.Release_PreferChinese|x86.Build.0 = Release_PreferChinese|Any CPU
		{0226CF76-2E69-4439-9344-CB5209BAD0EB}.Release|Any CPU.ActiveCfg = Release|Any CPU
		{0226CF76-2E69-4439-9344-CB5209BAD0EB}.Release|Any CPU.Build.0 = Release|Any CPU
		{0226CF76-2E69-4439-9344-CB5209BAD0EB}.Release|Mixed Platforms.ActiveCfg = Release|Any CPU
		{0226CF76-2E69-4439-9344-CB5209BAD0EB}.Release|Mixed Platforms.Build.0 = Release|Any CPU
		{0226CF76-2E69-4439-9344-CB5209BAD0EB}.Release|x86.ActiveCfg = Release|Any CPU
		{0226CF76-2E69-4439-9344-CB5209BAD0EB}.Release|x86.Build.0 = Release|Any CPU
		{0226CF76-2E69-4439-9344-CB5209BAD0EB}.Sym2nuget|Any CPU.ActiveCfg = Sym2nuget|Any CPU
		{0226CF76-2E69-4439-9344-CB5209BAD0EB}.Sym2nuget|Any CPU.Build.0 = Sym2nuget|Any CPU
		{0226CF76-2E69-4439-9344-CB5209BAD0EB}.Sym2nuget|Mixed Platforms.ActiveCfg = Sym2nuget|Any CPU
		{0226CF76-2E69-4439-9344-CB5209BAD0EB}.Sym2nuget|Mixed Platforms.Build.0 = Sym2nuget|Any CPU
		{0226CF76-2E69-4439-9344-CB5209BAD0EB}.Sym2nuget|x86.ActiveCfg = Sym2nuget|Any CPU
		{0226CF76-2E69-4439-9344-CB5209BAD0EB}.Sym2nuget|x86.Build.0 = Sym2nuget|Any CPU
		{0226CF76-2E69-4439-9344-CB5209BAD0EB}.Symbol|Any CPU.ActiveCfg = Symbol|Any CPU
		{0226CF76-2E69-4439-9344-CB5209BAD0EB}.Symbol|Any CPU.Build.0 = Symbol|Any CPU
		{0226CF76-2E69-4439-9344-CB5209BAD0EB}.Symbol|Mixed Platforms.ActiveCfg = Symbol|Any CPU
		{0226CF76-2E69-4439-9344-CB5209BAD0EB}.Symbol|Mixed Platforms.Build.0 = Symbol|Any CPU
		{0226CF76-2E69-4439-9344-CB5209BAD0EB}.Symbol|x86.ActiveCfg = Symbol|Any CPU
		{0226CF76-2E69-4439-9344-CB5209BAD0EB}.Symbol|x86.Build.0 = Symbol|Any CPU
		{0226CF76-2E69-4439-9344-CB5209BAD0EB}.Symbols4Debug|Any CPU.ActiveCfg = Symbols4Debug|Any CPU
		{0226CF76-2E69-4439-9344-CB5209BAD0EB}.Symbols4Debug|Any CPU.Build.0 = Symbols4Debug|Any CPU
		{0226CF76-2E69-4439-9344-CB5209BAD0EB}.Symbols4Debug|Mixed Platforms.ActiveCfg = Symbols4Debug|Any CPU
		{0226CF76-2E69-4439-9344-CB5209BAD0EB}.Symbols4Debug|Mixed Platforms.Build.0 = Symbols4Debug|Any CPU
		{0226CF76-2E69-4439-9344-CB5209BAD0EB}.Symbols4Debug|x86.ActiveCfg = Symbols4Debug|Any CPU
		{0226CF76-2E69-4439-9344-CB5209BAD0EB}.Symbols4Debug|x86.Build.0 = Symbols4Debug|Any CPU
		{0226CF76-2E69-4439-9344-CB5209BAD0EB}.test_release|Any CPU.ActiveCfg = test_release|Any CPU
		{0226CF76-2E69-4439-9344-CB5209BAD0EB}.test_release|Any CPU.Build.0 = test_release|Any CPU
		{0226CF76-2E69-4439-9344-CB5209BAD0EB}.test_release|Mixed Platforms.ActiveCfg = test_release|Any CPU
		{0226CF76-2E69-4439-9344-CB5209BAD0EB}.test_release|Mixed Platforms.Build.0 = test_release|Any CPU
		{0226CF76-2E69-4439-9344-CB5209BAD0EB}.test_release|x86.ActiveCfg = test_release|Any CPU
		{0226CF76-2E69-4439-9344-CB5209BAD0EB}.test_release|x86.Build.0 = test_release|Any CPU
	EndGlobalSection
	GlobalSection(SolutionProperties) = preSolution
		HideSolutionNode = FALSE
	EndGlobalSection
	GlobalSection(NestedProjects) = preSolution
		{6B89E2B6-0EF8-4652-9B46-2AE0A9E08EF3} = {D9F5F3E9-DB5E-4F02-8465-DC6E15D7BEF6}
		{0226CF76-2E69-4439-9344-CB5209BAD0EB} = {D9F5F3E9-DB5E-4F02-8465-DC6E15D7BEF6}
	EndGlobalSection
	GlobalSection(ExtensibilityGlobals) = postSolution
		SolutionGuid = {6AE08A37-864C-4993-BA1D-3CC9BC0BFB4A}
	EndGlobalSection
EndGlobal
